
Microsoft Visual Studio Solution File, Format Version 12.00
# Visual Studio Version 16
VisualStudioVersion = 16.0.30804.86
MinimumVisualStudioVersion = 10.0.40219.1
Project("{FAE04EC0-301F-11D3-BF4B-00C04F79EFBC}") = "RotationAssignment", "RotationAssignment\RotationAssignment.csproj", "{5CF53548-10A1-47A3-9369-9C836D033375}"
EndProject
Global
	GlobalSection(SolutionConfigurationPlatforms) = preSolution
		Debug|Any CPU = Debug|Any CPU
		Release|Any CPU = Release|Any CPU
	EndGlobalSection
	GlobalSection(ProjectConfigurationPlatforms) = postSolution
		{5CF53548-10A1-47A3-9369-9C836D033375}.Debug|Any CPU.ActiveCfg = Debug|Any CPU
		{5CF53548-10A1-47A3-9369-9C836D033375}.Debug|Any CPU.Build.0 = Debug|Any CPU
		{5CF53548-10A1-47A3-9369-9C836D033375}.Release|Any CPU.ActiveCfg = Release|Any CPU
		{5CF53548-10A1-47A3-9369-9C836D033375}.Release|Any CPU.Build.0 = Release|Any CPU
	EndGlobalSection
	GlobalSection(SolutionProperties) = preSolution
		HideSolutionNode = FALSE
	EndGlobalSection
	GlobalSection(ExtensibilityGlobals) = postSolution
		SolutionGuid = {82A19FA1-E7CB-4754-BABC-80342B3179F2}
	EndGlobalSection
EndGlobal
